// !$*UTF8*$!
{
	archiveVersion = 1;
	classes = {
	};
	objectVersion = 77;
	objects = {

/* Begin PBXBuildFile section */
		F410DC842CF3A3D8006ADD70 /* FirebaseAnalytics in Frameworks */ = {isa = PBXBuildFile; productRef = F410DC832CF3A3D8006ADD70 /* FirebaseAnalytics */; };
		F41A216C2CFCB7240021EF0E /* GoogleSignIn in Frameworks */ = {isa = PBXBuildFile; productRef = F41A216B2CFCB7240021EF0E /* GoogleSignIn */; };
		F41A216E2CFCB7240021EF0E /* GoogleSignInSwift in Frameworks */ = {isa = PBXBuildFile; productRef = F41A216D2CFCB7240021EF0E /* GoogleSignInSwift */; };
		F41F96562D28180D00EDBA0B /* FirebaseStorage in Frameworks */ = {isa = PBXBuildFile; productRef = F41F96552D28180D00EDBA0B /* FirebaseStorage */; };
		F45699A62CF4CE8D00D1AE2B /* FirebaseAuth in Frameworks */ = {isa = PBXBuildFile; productRef = F45699A52CF4CE8D00D1AE2B /* FirebaseAuth */; };
		F4CCA4712D07271900E11871 /* FirebaseFirestore in Frameworks */ = {isa = PBXBuildFile; productRef = F4CCA4702D07271900E11871 /* FirebaseFirestore */; };
/* End PBXBuildFile section */

/* Begin PBXFileReference section */
		F410DC6F2CF3A302006ADD70 /* FirebaseMap.app */ = {isa = PBXFileReference; explicitFileType = wrapper.application; includeInIndex = 0; path = FirebaseMap.app; sourceTree = BUILT_PRODUCTS_DIR; };
/* End PBXFileReference section */

/* Begin PBXFileSystemSynchronizedBuildFileExceptionSet section */
		F41A21702CFCB7720021EF0E /* Exceptions for "FirebaseMap" folder in "FirebaseMap" target */ = {
			isa = PBXFileSystemSynchronizedBuildFileExceptionSet;
			membershipExceptions = (
				Info.plist,
			);
			target = F410DC6E2CF3A302006ADD70 /* FirebaseMap */;
		};
/* End PBXFileSystemSynchronizedBuildFileExceptionSet section */

/* Begin PBXFileSystemSynchronizedRootGroup section */
		F410DC712CF3A302006ADD70 /* FirebaseMap */ = {
			isa = PBXFileSystemSynchronizedRootGroup;
			exceptions = (
				F41A21702CFCB7720021EF0E /* Exceptions for "FirebaseMap" folder in "FirebaseMap" target */,
			);
			path = FirebaseMap;
			sourceTree = "<group>";
		};
/* End PBXFileSystemSynchronizedRootGroup section */

/* Begin PBXFrameworksBuildPhase section */
		F410DC6C2CF3A302006ADD70 /* Frameworks */ = {
			isa = PBXFrameworksBuildPhase;
			buildActionMask = 2147483647;
			files = (
				F410DC842CF3A3D8006ADD70 /* FirebaseAnalytics in Frameworks */,
				F45699A62CF4CE8D00D1AE2B /* FirebaseAuth in Frameworks */,
				F41A216C2CFCB7240021EF0E /* GoogleSignIn in Frameworks */,
				F4CCA4712D07271900E11871 /* FirebaseFirestore in Frameworks */,
				F41A216E2CFCB7240021EF0E /* GoogleSignInSwift in Frameworks */,
				F41F96562D28180D00EDBA0B /* FirebaseStorage in Frameworks */,
			);
			runOnlyForDeploymentPostprocessing = 0;
		};
/* End PBXFrameworksBuildPhase section */

/* Begin PBXGroup section */
		F410DC662CF3A302006ADD70 = {
			isa = PBXGroup;
			children = (
				F410DC712CF3A302006ADD70 /* FirebaseMap */,
				F45699A42CF4CE8D00D1AE2B /* Frameworks */,
				F410DC702CF3A302006ADD70 /* Products */,
			);
			sourceTree = "<group>";
		};
		F410DC702CF3A302006ADD70 /* Products */ = {
			isa = PBXGroup;
			children = (
				F410DC6F2CF3A302006ADD70 /* FirebaseMap.app */,
			);
			name = Products;
			sourceTree = "<group>";
		};
		F45699A42CF4CE8D00D1AE2B /* Frameworks */ = {
			isa = PBXGroup;
			children = (
			);
			name = Frameworks;
			sourceTree = "<group>";
		};
/* End PBXGroup section */

/* Begin PBXNativeTarget section */
		F410DC6E2CF3A302006ADD70 /* FirebaseMap */ = {
			isa = PBXNativeTarget;
			buildConfigurationList = F410DC7D2CF3A304006ADD70 /* Build configuration list for PBXNativeTarget "FirebaseMap" */;
			buildPhases = (
				F410DC6B2CF3A302006ADD70 /* Sources */,
				F410DC6C2CF3A302006ADD70 /* Frameworks */,
				F410DC6D2CF3A302006ADD70 /* Resources */,
			);
			buildRules = (
			);
			dependencies = (
			);
			fileSystemSynchronizedGroups = (
				F410DC712CF3A302006ADD70 /* FirebaseMap */,
			);
			name = FirebaseMap;
			packageProductDependencies = (
				F410DC832CF3A3D8006ADD70 /* FirebaseAnalytics */,
				F45699A52CF4CE8D00D1AE2B /* FirebaseAuth */,
				F41A216B2CFCB7240021EF0E /* GoogleSignIn */,
				F41A216D2CFCB7240021EF0E /* GoogleSignInSwift */,
				F4CCA4702D07271900E11871 /* FirebaseFirestore */,
				F41F96552D28180D00EDBA0B /* FirebaseStorage */,
			);
			productName = FirebaseMap;
			productReference = F410DC6F2CF3A302006ADD70 /* FirebaseMap.app */;
			productType = "com.apple.product-type.application";
		};
/* End PBXNativeTarget section */

/* Begin PBXProject section */
		F410DC672CF3A302006ADD70 /* Project object */ = {
			isa = PBXProject;
			attributes = {
				BuildIndependentTargetsInParallel = 1;
				LastSwiftUpdateCheck = 1610;
				LastUpgradeCheck = 1610;
				TargetAttributes = {
					F410DC6E2CF3A302006ADD70 = {
						CreatedOnToolsVersion = 16.1;
					};
				};
			};
			buildConfigurationList = F410DC6A2CF3A302006ADD70 /* Build configuration list for PBXProject "FirebaseMap" */;
			developmentRegion = en;
			hasScannedForEncodings = 0;
			knownRegions = (
				en,
				Base,
			);
			mainGroup = F410DC662CF3A302006ADD70;
			minimizedProjectReferenceProxies = 1;
			packageReferences = (
				F410DC822CF3A3D8006ADD70 /* XCRemoteSwiftPackageReference "firebase-ios-sdk" */,
				F41A216A2CFCB7240021EF0E /* XCRemoteSwiftPackageReference "GoogleSignIn-iOS" */,
			);
			preferredProjectObjectVersion = 77;
			productRefGroup = F410DC702CF3A302006ADD70 /* Products */;
			projectDirPath = "";
			projectRoot = "";
			targets = (
				F410DC6E2CF3A302006ADD70 /* FirebaseMap */,
			);
		};
/* End PBXProject section */

/* Begin PBXResourcesBuildPhase section */
		F410DC6D2CF3A302006ADD70 /* Resources */ = {
			isa = PBXResourcesBuildPhase;
			buildActionMask = 2147483647;
			files = (
			);
			runOnlyForDeploymentPostprocessing = 0;
		};
/* End PBXResourcesBuildPhase section */

/* Begin PBXSourcesBuildPhase section */
		F410DC6B2CF3A302006ADD70 /* Sources */ = {
			isa = PBXSourcesBuildPhase;
			buildActionMask = 2147483647;
			files = (
			);
			runOnlyForDeploymentPostprocessing = 0;
		};
/* End PBXSourcesBuildPhase section */

/* Begin XCBuildConfiguration section */
		F410DC7B2CF3A304006ADD70 /* Debug */ = {
			isa = XCBuildConfiguration;
			buildSettings = {
				ALWAYS_SEARCH_USER_PATHS = NO;
				ASSETCATALOG_COMPILER_GENERATE_SWIFT_ASSET_SYMBOL_EXTENSIONS = YES;
				CLANG_ANALYZER_NONNULL = YES;
				CLANG_ANALYZER_NUMBER_OBJECT_CONVERSION = YES_AGGRESSIVE;
				CLANG_CXX_LANGUAGE_STANDARD = "gnu++20";
				CLANG_ENABLE_MODULES = YES;
				CLANG_ENABLE_OBJC_ARC = YES;
				CLANG_ENABLE_OBJC_WEAK = YES;
				CLANG_WARN_BLOCK_CAPTURE_AUTORELEASING = YES;
				CLANG_WARN_BOOL_CONVERSION = YES;
				CLANG_WARN_COMMA = YES;
				CLANG_WARN_CONSTANT_CONVERSION = YES;
				CLANG_WARN_DEPRECATED_OBJC_IMPLEMENTATIONS = YES;
				CLANG_WARN_DIRECT_OBJC_ISA_USAGE = YES_ERROR;
				CLANG_WARN_DOCUMENTATION_COMMENTS = YES;
				CLANG_WARN_EMPTY_BODY = YES;
				CLANG_WARN_ENUM_CONVERSION = YES;
				CLANG_WARN_INFINITE_RECURSION = YES;
				CLANG_WARN_INT_CONVERSION = YES;
				CLANG_WARN_NON_LITERAL_NULL_CONVERSION = YES;
				CLANG_WARN_OBJC_IMPLICIT_RETAIN_SELF = YES;
				CLANG_WARN_OBJC_LITERAL_CONVERSION = YES;
				CLANG_WARN_OBJC_ROOT_CLASS = YES_ERROR;
				CLANG_WARN_QUOTED_INCLUDE_IN_FRAMEWORK_HEADER = YES;
				CLANG_WARN_RANGE_LOOP_ANALYSIS = YES;
				CLANG_WARN_STRICT_PROTOTYPES = YES;
				CLANG_WARN_SUSPICIOUS_MOVE = YES;
				CLANG_WARN_UNGUARDED_AVAILABILITY = YES_AGGRESSIVE;
				CLANG_WARN_UNREACHABLE_CODE = YES;
				CLANG_WARN__DUPLICATE_METHOD_MATCH = YES;
				COPY_PHASE_STRIP = NO;
				DEBUG_INFORMATION_FORMAT = dwarf;
				ENABLE_STRICT_OBJC_MSGSEND = YES;
				ENABLE_TESTABILITY = YES;
				ENABLE_USER_SCRIPT_SANDBOXING = YES;
				GCC_C_LANGUAGE_STANDARD = gnu17;
				GCC_DYNAMIC_NO_PIC = NO;
				GCC_NO_COMMON_BLOCKS = YES;
				GCC_OPTIMIZATION_LEVEL = 0;
				GCC_PREPROCESSOR_DEFINITIONS = (
					"DEBUG=1",
					"$(inherited)",
				);
				GCC_WARN_64_TO_32_BIT_CONVERSION = YES;
				GCC_WARN_ABOUT_RETURN_TYPE = YES_ERROR;
				GCC_WARN_UNDECLARED_SELECTOR = YES;
				GCC_WARN_UNINITIALIZED_AUTOS = YES_AGGRESSIVE;
				GCC_WARN_UNUSED_FUNCTION = YES;
				GCC_WARN_UNUSED_VARIABLE = YES;
				IPHONEOS_DEPLOYMENT_TARGET = 18.1;
				LOCALIZATION_PREFERS_STRING_CATALOGS = YES;
				MTL_ENABLE_DEBUG_INFO = INCLUDE_SOURCE;
				MTL_FAST_MATH = YES;
				ONLY_ACTIVE_ARCH = YES;
				SDKROOT = iphoneos;
				SWIFT_ACTIVE_COMPILATION_CONDITIONS = "DEBUG $(inherited)";
				SWIFT_OPTIMIZATION_LEVEL = "-Onone";
			};
			name = Debug;
		};
		F410DC7C2CF3A304006ADD70 /* Release */ = {
			isa = XCBuildConfiguration;
			buildSettings = {
				ALWAYS_SEARCH_USER_PATHS = NO;
				ASSETCATALOG_COMPILER_GENERATE_SWIFT_ASSET_SYMBOL_EXTENSIONS = YES;
				CLANG_ANALYZER_NONNULL = YES;
				CLANG_ANALYZER_NUMBER_OBJECT_CONVERSION = YES_AGGRESSIVE;
				CLANG_CXX_LANGUAGE_STANDARD = "gnu++20";
				CLANG_ENABLE_MODULES = YES;
				CLANG_ENABLE_OBJC_ARC = YES;
				CLANG_ENABLE_OBJC_WEAK = YES;
				CLANG_WARN_BLOCK_CAPTURE_AUTORELEASING = YES;
				CLANG_WARN_BOOL_CONVERSION = YES;
				CLANG_WARN_COMMA = YES;
				CLANG_WARN_CONSTANT_CONVERSION = YES;
				CLANG_WARN_DEPRECATED_OBJC_IMPLEMENTATIONS = YES;
				CLANG_WARN_DIRECT_OBJC_ISA_USAGE = YES_ERROR;
				CLANG_WARN_DOCUMENTATION_COMMENTS = YES;
				CLANG_WARN_EMPTY_BODY = YES;
				CLANG_WARN_ENUM_CONVERSION = YES;
				CLANG_WARN_INFINITE_RECURSION = YES;
				CLANG_WARN_INT_CONVERSION = YES;
				CLANG_WARN_NON_LITERAL_NULL_CONVERSION = YES;
				CLANG_WARN_OBJC_IMPLICIT_RETAIN_SELF = YES;
				CLANG_WARN_OBJC_LITERAL_CONVERSION = YES;
				CLANG_WARN_OBJC_ROOT_CLASS = YES_ERROR;
				CLANG_WARN_QUOTED_INCLUDE_IN_FRAMEWORK_HEADER = YES;
				CLANG_WARN_RANGE_LOOP_ANALYSIS = YES;
				CLANG_WARN_STRICT_PROTOTYPES = YES;
				CLANG_WARN_SUSPICIOUS_MOVE = YES;
				CLANG_WARN_UNGUARDED_AVAILABILITY = YES_AGGRESSIVE;
				CLANG_WARN_UNREACHABLE_CODE = YES;
				CLANG_WARN__DUPLICATE_METHOD_MATCH = YES;
				COPY_PHASE_STRIP = NO;
				DEBUG_INFORMATION_FORMAT = "dwarf-with-dsym";
				ENABLE_NS_ASSERTIONS = NO;
				ENABLE_STRICT_OBJC_MSGSEND = YES;
				ENABLE_USER_SCRIPT_SANDBOXING = YES;
				GCC_C_LANGUAGE_STANDARD = gnu17;
				GCC_NO_COMMON_BLOCKS = YES;
				GCC_WARN_64_TO_32_BIT_CONVERSION = YES;
				GCC_WARN_ABOUT_RETURN_TYPE = YES_ERROR;
				GCC_WARN_UNDECLARED_SELECTOR = YES;
				GCC_WARN_UNINITIALIZED_AUTOS = YES_AGGRESSIVE;
				GCC_WARN_UNUSED_FUNCTION = YES;
				GCC_WARN_UNUSED_VARIABLE = YES;
				IPHONEOS_DEPLOYMENT_TARGET = 18.1;
				LOCALIZATION_PREFERS_STRING_CATALOGS = YES;
				MTL_ENABLE_DEBUG_INFO = NO;
				MTL_FAST_MATH = YES;
				SDKROOT = iphoneos;
				SWIFT_COMPILATION_MODE = wholemodule;
				VALIDATE_PRODUCT = YES;
			};
			name = Release;
		};
		F410DC7E2CF3A304006ADD70 /* Debug */ = {
			isa = XCBuildConfiguration;
			buildSettings = {
				ASSETCATALOG_COMPILER_APPICON_NAME = AppIcon;
				ASSETCATALOG_COMPILER_GLOBAL_ACCENT_COLOR_NAME = AccentColor;
				CODE_SIGN_STYLE = Automatic;
				CURRENT_PROJECT_VERSION = 1;
				DEVELOPMENT_ASSET_PATHS = "\"FirebaseMap/Preview Content\"";
				DEVELOPMENT_TEAM = 3Z5R6WRVTZ;
				ENABLE_PREVIEWS = YES;
				GENERATE_INFOPLIST_FILE = YES;
				INFOPLIST_FILE = FirebaseMap/Info.plist;
				INFOPLIST_KEY_UIApplicationSceneManifest_Generation = YES;
				INFOPLIST_KEY_UIApplicationSupportsIndirectInputEvents = YES;
				INFOPLIST_KEY_UILaunchScreen_Generation = YES;
				INFOPLIST_KEY_UISupportedInterfaceOrientations_iPad = "UIInterfaceOrientationPortrait UIInterfaceOrientationPortraitUpsideDown UIInterfaceOrientationLandscapeLeft UIInterfaceOrientationLandscapeRight";
				INFOPLIST_KEY_UISupportedInterfaceOrientations_iPhone = "UIInterfaceOrientationPortrait UIInterfaceOrientationLandscapeLeft UIInterfaceOrientationLandscapeRight";
				LD_RUNPATH_SEARCH_PATHS = (
					"$(inherited)",
					"@executable_path/Frameworks",
				);
				MARKETING_VERSION = 1.0;
				PRODUCT_BUNDLE_IDENTIFIER = com.evilicebergs.FirebaseMap;
				PRODUCT_NAME = "$(TARGET_NAME)";
				SWIFT_EMIT_LOC_STRINGS = YES;
				SWIFT_VERSION = 5.0;
				TARGETED_DEVICE_FAMILY = "1,2";
			};
			name = Debug;
		};
		F410DC7F2CF3A304006ADD70 /* Release */ = {
			isa = XCBuildConfiguration;
			buildSettings = {
				ASSETCATALOG_COMPILER_APPICON_NAME = AppIcon;
				ASSETCATALOG_COMPILER_GLOBAL_ACCENT_COLOR_NAME = AccentColor;
				CODE_SIGN_STYLE = Automatic;
				CURRENT_PROJECT_VERSION = 1;
				DEVELOPMENT_ASSET_PATHS = "\"FirebaseMap/Preview Content\"";
				DEVELOPMENT_TEAM = 3Z5R6WRVTZ;
				ENABLE_PREVIEWS = YES;
				GENERATE_INFOPLIST_FILE = YES;
				INFOPLIST_FILE = FirebaseMap/Info.plist;
				INFOPLIST_KEY_UIApplicationSceneManifest_Generation = YES;
				INFOPLIST_KEY_UIApplicationSupportsIndirectInputEvents = YES;
				INFOPLIST_KEY_UILaunchScreen_Generation = YES;
				INFOPLIST_KEY_UISupportedInterfaceOrientations_iPad = "UIInterfaceOrientationPortrait UIInterfaceOrientationPortraitUpsideDown UIInterfaceOrientationLandscapeLeft UIInterfaceOrientationLandscapeRight";
				INFOPLIST_KEY_UISupportedInterfaceOrientations_iPhone = "UIInterfaceOrientationPortrait UIInterfaceOrientationLandscapeLeft UIInterfaceOrientationLandscapeRight";
				LD_RUNPATH_SEARCH_PATHS = (
					"$(inherited)",
					"@executable_path/Frameworks",
				);
				MARKETING_VERSION = 1.0;
				PRODUCT_BUNDLE_IDENTIFIER = com.evilicebergs.FirebaseMap;
				PRODUCT_NAME = "$(TARGET_NAME)";
				SWIFT_EMIT_LOC_STRINGS = YES;
				SWIFT_VERSION = 5.0;
				TARGETED_DEVICE_FAMILY = "1,2";
			};
			name = Release;
		};
/* End XCBuildConfiguration section */

/* Begin XCConfigurationList section */
		F410DC6A2CF3A302006ADD70 /* Build configuration list for PBXProject "FirebaseMap" */ = {
			isa = XCConfigurationList;
			buildConfigurations = (
				F410DC7B2CF3A304006ADD70 /* Debug */,
				F410DC7C2CF3A304006ADD70 /* Release */,
			);
			defaultConfigurationIsVisible = 0;
			defaultConfigurationName = Release;
		};
		F410DC7D2CF3A304006ADD70 /* Build configuration list for PBXNativeTarget "FirebaseMap" */ = {
			isa = XCConfigurationList;
			buildConfigurations = (
				F410DC7E2CF3A304006ADD70 /* Debug */,
				F410DC7F2CF3A304006ADD70 /* Release */,
			);
			defaultConfigurationIsVisible = 0;
			defaultConfigurationName = Release;
		};
/* End XCConfigurationList section */

/* Begin XCRemoteSwiftPackageReference section */
		F410DC822CF3A3D8006ADD70 /* XCRemoteSwiftPackageReference "firebase-ios-sdk" */ = {
			isa = XCRemoteSwiftPackageReference;
			repositoryURL = "https://github.com/firebase/firebase-ios-sdk";
			requirement = {
				kind = upToNextMajorVersion;
				minimumVersion = 11.5.0;
			};
		};
		F41A216A2CFCB7240021EF0E /* XCRemoteSwiftPackageReference "GoogleSignIn-iOS" */ = {
			isa = XCRemoteSwiftPackageReference;
			repositoryURL = "https://github.com/google/GoogleSignIn-iOS.git";
			requirement = {
				kind = upToNextMajorVersion;
				minimumVersion = 8.0.0;
			};
		};
/* End XCRemoteSwiftPackageReference section */

/* Begin XCSwiftPackageProductDependency section */
		F410DC832CF3A3D8006ADD70 /* FirebaseAnalytics */ = {
			isa = XCSwiftPackageProductDependency;
			package = F410DC822CF3A3D8006ADD70 /* XCRemoteSwiftPackageReference "firebase-ios-sdk" */;
			productName = FirebaseAnalytics;
		};
		F41A216B2CFCB7240021EF0E /* GoogleSignIn */ = {
			isa = XCSwiftPackageProductDependency;
			package = F41A216A2CFCB7240021EF0E /* XCRemoteSwiftPackageReference "GoogleSignIn-iOS" */;
			productName = GoogleSignIn;
		};
		F41A216D2CFCB7240021EF0E /* GoogleSignInSwift */ = {
			isa = XCSwiftPackageProductDependency;
			package = F41A216A2CFCB7240021EF0E /* XCRemoteSwiftPackageReference "GoogleSignIn-iOS" */;
			productName = GoogleSignInSwift;
		};
		F41F96552D28180D00EDBA0B /* FirebaseStorage */ = {
			isa = XCSwiftPackageProductDependency;
			package = F410DC822CF3A3D8006ADD70 /* XCRemoteSwiftPackageReference "firebase-ios-sdk" */;
			productName = FirebaseStorage;
		};
		F45699A52CF4CE8D00D1AE2B /* FirebaseAuth */ = {
			isa = XCSwiftPackageProductDependency;
			package = F410DC822CF3A3D8006ADD70 /* XCRemoteSwiftPackageReference "firebase-ios-sdk" */;
			productName = FirebaseAuth;
		};
		F4CCA4702D07271900E11871 /* FirebaseFirestore */ = {
			isa = XCSwiftPackageProductDependency;
			package = F410DC822CF3A3D8006ADD70 /* XCRemoteSwiftPackageReference "firebase-ios-sdk" */;
			productName = FirebaseFirestore;
		};
/* End XCSwiftPackageProductDependency section */
	};
	rootObject = F410DC672CF3A302006ADD70 /* Project object */;
}
